
Microsoft Visual Studio Solution File, Format Version 12.00
# Visual Studio Version 17
VisualStudioVersion = 17.4.33213.308
MinimumVisualStudioVersion = 10.0.40219.1
Project("{9A19103F-16F7-4668-BE54-9A1E7A4F7556}") = "DirectoryStructure", "DirectoryStructure\DirectoryStructure.csproj", "{F90A95A7-0138-49A2-8822-EDBE1D5AD8C8}"
EndProject
Global
	GlobalSection(SolutionConfigurationPlatforms) = preSolution
		Debug|Any CPU = Debug|Any CPU
		Release|Any CPU = Release|Any CPU
	EndGlobalSection
	GlobalSection(ProjectConfigurationPlatforms) = postSolution
		{F90A95A7-0138-49A2-8822-EDBE1D5AD8C8}.Debug|Any CPU.ActiveCfg = Debug|Any CPU
		{F90A95A7-0138-49A2-8822-EDBE1D5AD8C8}.Debug|Any CPU.Build.0 = Debug|Any CPU
		{F90A95A7-0138-49A2-8822-EDBE1D5AD8C8}.Release|Any CPU.ActiveCfg = Release|Any CPU
		{F90A95A7-0138-49A2-8822-EDBE1D5AD8C8}.Release|Any CPU.Build.0 = Release|Any CPU
	EndGlobalSection
	GlobalSection(SolutionProperties) = preSolution
		HideSolutionNode = FALSE
	EndGlobalSection
	GlobalSection(ExtensibilityGlobals) = postSolution
		SolutionGuid = {0D053F1C-DEC0-4821-9492-368B4B55C941}
	EndGlobalSection
EndGlobal
